# This file is automatically @generated by Cargo.
# It is not intended for manual editing.
version = 3

[[package]]
name = "byteorder"
version = "1.4.3"
source = "registry+https://github.com/rust-lang/crates.io-index"
checksum = "14c189c53d098945499cdfa7ecc63567cf3886b3332b312a5b4585d8d3a6a610"

[[package]]
name = "libc"
version = "0.2.129"
source = "registry+https://github.com/rust-lang/crates.io-index"
checksum = "64de3cc433455c14174d42e554d4027ee631c4d046d43e3ecc6efc4636cdc7a7"

[[package]]
name = "local-ip-address"
version = "0.4.6"
source = "registry+https://github.com/rust-lang/crates.io-index"
checksum = "a0267899deb46e9d91fa101571cf146db20466c3eb0bb015a65e3259d8634fb3"
dependencies = [
 "libc",
 "memalloc",
 "neli",
 "thiserror",
 "windows",
]

[[package]]
name = "local_ip"
version = "0.1.0"
dependencies = [
 "local-ip-address",
]

[[package]]
name = "memalloc"
version = "0.1.0"
source = "registry+https://github.com/rust-lang/crates.io-index"
checksum = "df39d232f5c40b0891c10216992c2f250c054105cb1e56f0fc9032db6203ecc1"

[[package]]
name = "neli"
version = "0.5.3"
source = "registry+https://github.com/rust-lang/crates.io-index"
checksum = "9053554eb5dcb7e10d9cdab1206965bde870eed5d0d341532ca035e3ba221508"
dependencies = [
 "byteorder",
 "libc",
]

[[package]]
name = "proc-macro2"
version = "1.0.43"
source = "registry+https://github.com/rust-lang/crates.io-index"
checksum = "0a2ca2c61bc9f3d74d2886294ab7b9853abd9c1ad903a3ac7815c58989bb7bab"
dependencies = [
 "unicode-ident",
]

[[package]]
name = "quote"
version = "1.0.21"
source = "registry+https://github.com/rust-lang/crates.io-index"
checksum = "bbe448f377a7d6961e30f5955f9b8d106c3f5e449d493ee1b125c1d43c2b5179"
dependencies = [
 "proc-macro2",
]

[[package]]
name = "syn"
version = "1.0.99"
source = "registry+https://github.com/rust-lang/crates.io-index"
checksum = "58dbef6ec655055e20b86b15a8cc6d439cca19b667537ac6a1369572d151ab13"
dependencies = [
 "proc-macro2",
 "quote",
 "unicode-ident",
]

[[package]]
name = "thiserror"
version = "1.0.32"
source = "registry+https://github.com/rust-lang/crates.io-index"
checksum = "f5f6586b7f764adc0231f4c79be7b920e766bb2f3e51b3661cdb263828f19994"
dependencies = [
 "thiserror-impl",
]

[[package]]
name = "thiserror-impl"
version = "1.0.32"
source = "registry+https://github.com/rust-lang/crates.io-index"
checksum = "12bafc5b54507e0149cdf1b145a5d80ab80a90bcd9275df43d4fff68460f6c21"
dependencies = [
 "proc-macro2",
 "quote",
 "syn",
]

[[package]]
name = "unicode-ident"
version = "1.0.3"
source = "registry+https://github.com/rust-lang/crates.io-index"
checksum = "c4f5b37a154999a8f3f98cc23a628d850e154479cd94decf3414696e12e31aaf"

[[package]]
name = "windows"
version = "0.38.0"
source = "registry+https://github.com/rust-lang/crates.io-index"
checksum = "0c47017195a790490df51a3e27f669a7d4f285920d90d03ef970c5d886ef0af1"
dependencies = [
 "windows_aarch64_msvc",
 "windows_i686_gnu",
 "windows_i686_msvc",
 "windows_x86_64_gnu",
 "windows_x86_64_msvc",
]

[[package]]
name = "windows_aarch64_msvc"
version = "0.38.0"
source = "registry+https://github.com/rust-lang/crates.io-index"
checksum = "b12add87e2fb192fff3f4f7e4342b3694785d79f3a64e2c20d5ceb5ccbcfc3cd"

[[package]]
name = "windows_i686_gnu"
version = "0.38.0"
source = "registry+https://github.com/rust-lang/crates.io-index"
checksum = "4c98f2db372c23965c5e0f43896a8f0316dc0fbe48d1aa65bea9bdd295d43c15"

[[package]]
name = "windows_i686_msvc"
version = "0.38.0"
source = "registry+https://github.com/rust-lang/crates.io-index"
checksum = "cdf0569be0f2863ab6a12a6ba841fcfa7d107cbc7545a3ebd57685330db0a3ff"

[[package]]
name = "windows_x86_64_gnu"
version = "0.38.0"
source = "registry+https://github.com/rust-lang/crates.io-index"
checksum = "905858262c8380a36f32cb8c1990d7e7c3b7a8170e58ed9a98ca6d940b7ea9f1"

[[package]]
name = "windows_x86_64_msvc"
version = "0.38.0"
source = "registry+https://github.com/rust-lang/crates.io-index"
checksum = "890c3c6341d441ffb38f705f47196e3665dc6dd79f6d72fa185d937326730561"
